# This file is automatically @generated by Cargo.
# It is not intended for manual editing.
version = 4

[[package]]
name = "algebra"
version = "0.1.0"

[[package]]
name = "bitree"
version = "0.1.0"
dependencies = [
 "algebra",
]

[[package]]
name = "dsu"
version = "0.1.0"
dependencies = [
 "algebra",
]

[[package]]
name = "gf"
version = "0.1.0"

[[package]]
name = "intalgo"
version = "0.1.0"

[[package]]
name = "math_optim-rs"
version = "0.1.0"
dependencies = [
 "algebra",
 "bitree",
 "dsu",
 "gf",
 "intalgo",
 "segtree",
 "seqalgo",
]

[[package]]
name = "segtree"
version = "0.1.0"
dependencies = [
 "algebra",
]

[[package]]
name = "seqalgo"
version = "0.1.0"
