# This file is automatically @generated by Cargo.
# It is not intended for manual editing.
version = 4

[[package]]
name = "algebra"
version = "0.1.0"

[[package]]
name = "conv"
version = "0.1.0"

[[package]]
name = "dsu"
version = "0.1.0"
dependencies = [
 "algebra",
]

[[package]]
name = "fps"
version = "0.1.0"

[[package]]
name = "gf"
version = "0.1.0"

[[package]]
name = "math_optim-rs"
version = "0.1.0"
dependencies = [
 "algebra",
 "conv",
 "dsu",
 "fps",
 "gf",
]
